
Microsoft Visual Studio Solution File, Format Version 12.00
# Visual Studio 15
Project("{FAE04EC0-301F-11D3-BF4B-00C04F79EFBC}") = "Assembly-CSharp", "Assembly-CSharp.csproj", "{CE2BA680-E1E1-3E45-C985-2F2AA455F2A9}"
EndProject
Project("{FAE04EC0-301F-11D3-BF4B-00C04F79EFBC}") = "Assembly-CSharp-Editor", "Assembly-CSharp-Editor.csproj", "{6DEDDB21-2CD2-19BC-64BA-5A774C0AEDC5}"
EndProject
Global
	GlobalSection(SolutionConfigurationPlatforms) = preSolution
		Debug|Any CPU = Debug|Any CPU
		Release|Any CPU = Release|Any CPU
	EndGlobalSection
	GlobalSection(ProjectConfigurationPlatforms) = postSolution
		{CE2BA680-E1E1-3E45-C985-2F2AA455F2A9}.Debug|Any CPU.ActiveCfg = Debug|Any CPU
		{CE2BA680-E1E1-3E45-C985-2F2AA455F2A9}.Debug|Any CPU.Build.0 = Debug|Any CPU
		{CE2BA680-E1E1-3E45-C985-2F2AA455F2A9}.Release|Any CPU.ActiveCfg = Release|Any CPU
		{CE2BA680-E1E1-3E45-C985-2F2AA455F2A9}.Release|Any CPU.Build.0 = Release|Any CPU
		{6DEDDB21-2CD2-19BC-64BA-5A774C0AEDC5}.Debug|Any CPU.ActiveCfg = Debug|Any CPU
		{6DEDDB21-2CD2-19BC-64BA-5A774C0AEDC5}.Debug|Any CPU.Build.0 = Debug|Any CPU
		{6DEDDB21-2CD2-19BC-64BA-5A774C0AEDC5}.Release|Any CPU.ActiveCfg = Release|Any CPU
		{6DEDDB21-2CD2-19BC-64BA-5A774C0AEDC5}.Release|Any CPU.Build.0 = Release|Any CPU
	EndGlobalSection
	GlobalSection(SolutionProperties) = preSolution
		HideSolutionNode = FALSE
	EndGlobalSection
EndGlobal
